// !$*UTF8*$!
{
	archiveVersion = 1;
	classes = {
	};
	objectVersion = 46;
	objects = {

/* Begin PBXBuildFile section */
		E501CBCC1CABCB91002D5E58 /* SearchViewController.swift in Sources */ = {isa = PBXBuildFile; fileRef = E501CBCB1CABCB91002D5E58 /* SearchViewController.swift */; };
		E507AC7B1CA7CB7300EF850C /* AppDelegate.swift in Sources */ = {isa = PBXBuildFile; fileRef = E507AC7A1CA7CB7300EF850C /* AppDelegate.swift */; };
		E507AC801CA7CB7300EF850C /* Main.storyboard in Resources */ = {isa = PBXBuildFile; fileRef = E507AC7E1CA7CB7300EF850C /* Main.storyboard */; };
		E507AC831CA7CB7300EF850C /* Forte.xcdatamodeld in Sources */ = {isa = PBXBuildFile; fileRef = E507AC811CA7CB7300EF850C /* Forte.xcdatamodeld */; };
		E507AC851CA7CB7300EF850C /* Assets.xcassets in Resources */ = {isa = PBXBuildFile; fileRef = E507AC841CA7CB7300EF850C /* Assets.xcassets */; };
		E53555E11CBC9E5900BBD205 /* ItemCustomViewController.swift in Sources */ = {isa = PBXBuildFile; fileRef = E53555E01CBC9E5900BBD205 /* ItemCustomViewController.swift */; };
		E540B7A41CA9657000AC556F /* GlossaryItem.swift in Sources */ = {isa = PBXBuildFile; fileRef = E540B7A31CA9657000AC556F /* GlossaryItem.swift */; };
		E557FFD01CAC0A0100F8C53A /* GlossaryItemBriefTableViewCell.swift in Sources */ = {isa = PBXBuildFile; fileRef = E557FFCE1CAC0A0100F8C53A /* GlossaryItemBriefTableViewCell.swift */; };
		E557FFD31CAC1D9200F8C53A /* GlossaryItemBriefTableViewCell.xib in Resources */ = {isa = PBXBuildFile; fileRef = E557FFD21CAC1D9200F8C53A /* GlossaryItemBriefTableViewCell.xib */; };
		E55C475D1CC345FA000A20C3 /* MusicTerms.csv in Resources */ = {isa = PBXBuildFile; fileRef = E55C475C1CC345FA000A20C3 /* MusicTerms.csv */; };
		E55D4E7D1CBA52E10044D7EA /* MarkedItemTableViewController.swift in Sources */ = {isa = PBXBuildFile; fileRef = E55D4E7C1CBA52E10044D7EA /* MarkedItemTableViewController.swift */; };
		E55D4E7F1CBA6E660044D7EA /* MarkedItemTableViewCell.swift in Sources */ = {isa = PBXBuildFile; fileRef = E55D4E7E1CBA6E660044D7EA /* MarkedItemTableViewCell.swift */; };
		E576F89A1CAD1C8B00DC6DA8 /* NothingFoundTableViewCell.swift in Sources */ = {isa = PBXBuildFile; fileRef = E576F8981CAD1C8B00DC6DA8 /* NothingFoundTableViewCell.swift */; };
		E576F89B1CAD1C8B00DC6DA8 /* NothingFoundTableViewCell.xib in Resources */ = {isa = PBXBuildFile; fileRef = E576F8991CAD1C8B00DC6DA8 /* NothingFoundTableViewCell.xib */; };
		E576F89E1CAD242100DC6DA8 /* GlossaryItemDetailedTableViewCell.swift in Sources */ = {isa = PBXBuildFile; fileRef = E576F89C1CAD242100DC6DA8 /* GlossaryItemDetailedTableViewCell.swift */; };
		E576F89F1CAD242100DC6DA8 /* GlossaryItemDetailedTableViewCell.xib in Resources */ = {isa = PBXBuildFile; fileRef = E576F89D1CAD242100DC6DA8 /* GlossaryItemDetailedTableViewCell.xib */; };
		E58D65781CD78276005E68DB /* SettingsTableViewController.swift in Sources */ = {isa = PBXBuildFile; fileRef = E58D65771CD78276005E68DB /* SettingsTableViewController.swift */; };
		E58D657A1CD78AEA005E68DB /* AboutAppViewController.swift in Sources */ = {isa = PBXBuildFile; fileRef = E58D65791CD78AEA005E68DB /* AboutAppViewController.swift */; };
		E58D65801CD7A24F005E68DB /* Forte 1.0.html in Resources */ = {isa = PBXBuildFile; fileRef = E58D657E1CD7A24F005E68DB /* Forte 1.0.html */; };
		E58D65841CD7B997005E68DB /* LaunchScreen.storyboard in Resources */ = {isa = PBXBuildFile; fileRef = E58D65831CD7B997005E68DB /* LaunchScreen.storyboard */; };
		E5D7CC841CD611E800CC085A /* CoreDataStack.swift in Sources */ = {isa = PBXBuildFile; fileRef = E5D7CC831CD611E800CC085A /* CoreDataStack.swift */; };
		E5D7CC861CD614C200CC085A /* CSVParser.swift in Sources */ = {isa = PBXBuildFile; fileRef = E5D7CC851CD614C200CC085A /* CSVParser.swift */; };
		E5D7CC881CD61E3800CC085A /* Preloader.swift in Sources */ = {isa = PBXBuildFile; fileRef = E5D7CC871CD61E3800CC085A /* Preloader.swift */; };
/* End PBXBuildFile section */

/* Begin PBXFileReference section */
		E501CBCB1CABCB91002D5E58 /* SearchViewController.swift */ = {isa = PBXFileReference; fileEncoding = 4; lastKnownFileType = sourcecode.swift; path = SearchViewController.swift; sourceTree = "<group>"; };
		E507AC771CA7CB7300EF850C /* Forte.app */ = {isa = PBXFileReference; explicitFileType = wrapper.application; includeInIndex = 0; path = Forte.app; sourceTree = BUILT_PRODUCTS_DIR; };
		E507AC7A1CA7CB7300EF850C /* AppDelegate.swift */ = {isa = PBXFileReference; lastKnownFileType = sourcecode.swift; path = AppDelegate.swift; sourceTree = "<group>"; };
		E507AC7F1CA7CB7300EF850C /* Base */ = {isa = PBXFileReference; lastKnownFileType = file.storyboard; name = Base; path = Base.lproj/Main.storyboard; sourceTree = "<group>"; };
		E507AC821CA7CB7300EF850C /* Forte.xcdatamodel */ = {isa = PBXFileReference; lastKnownFileType = wrapper.xcdatamodel; path = Forte.xcdatamodel; sourceTree = "<group>"; };
		E507AC841CA7CB7300EF850C /* Assets.xcassets */ = {isa = PBXFileReference; lastKnownFileType = folder.assetcatalog; path = Assets.xcassets; sourceTree = "<group>"; };
		E507AC891CA7CB7300EF850C /* Info.plist */ = {isa = PBXFileReference; lastKnownFileType = text.plist.xml; path = Info.plist; sourceTree = "<group>"; };
		E53555E01CBC9E5900BBD205 /* ItemCustomViewController.swift */ = {isa = PBXFileReference; fileEncoding = 4; lastKnownFileType = sourcecode.swift; path = ItemCustomViewController.swift; sourceTree = "<group>"; };
		E540B7A31CA9657000AC556F /* GlossaryItem.swift */ = {isa = PBXFileReference; fileEncoding = 4; lastKnownFileType = sourcecode.swift; path = GlossaryItem.swift; sourceTree = "<group>"; };
		E557FFCE1CAC0A0100F8C53A /* GlossaryItemBriefTableViewCell.swift */ = {isa = PBXFileReference; fileEncoding = 4; lastKnownFileType = sourcecode.swift; path = GlossaryItemBriefTableViewCell.swift; sourceTree = "<group>"; };
		E557FFD21CAC1D9200F8C53A /* GlossaryItemBriefTableViewCell.xib */ = {isa = PBXFileReference; fileEncoding = 4; lastKnownFileType = file.xib; path = GlossaryItemBriefTableViewCell.xib; sourceTree = "<group>"; };
		E55C475C1CC345FA000A20C3 /* MusicTerms.csv */ = {isa = PBXFileReference; fileEncoding = 4; lastKnownFileType = text; path = MusicTerms.csv; sourceTree = "<group>"; };
		E55D4E7C1CBA52E10044D7EA /* MarkedItemTableViewController.swift */ = {isa = PBXFileReference; fileEncoding = 4; lastKnownFileType = sourcecode.swift; path = MarkedItemTableViewController.swift; sourceTree = "<group>"; };
		E55D4E7E1CBA6E660044D7EA /* MarkedItemTableViewCell.swift */ = {isa = PBXFileReference; fileEncoding = 4; lastKnownFileType = sourcecode.swift; path = MarkedItemTableViewCell.swift; sourceTree = "<group>"; };
		E576F8981CAD1C8B00DC6DA8 /* NothingFoundTableViewCell.swift */ = {isa = PBXFileReference; fileEncoding = 4; lastKnownFileType = sourcecode.swift; path = NothingFoundTableViewCell.swift; sourceTree = "<group>"; };
		E576F8991CAD1C8B00DC6DA8 /* NothingFoundTableViewCell.xib */ = {isa = PBXFileReference; fileEncoding = 4; lastKnownFileType = file.xib; path = NothingFoundTableViewCell.xib; sourceTree = "<group>"; };
		E576F89C1CAD242100DC6DA8 /* GlossaryItemDetailedTableViewCell.swift */ = {isa = PBXFileReference; fileEncoding = 4; lastKnownFileType = sourcecode.swift; path = GlossaryItemDetailedTableViewCell.swift; sourceTree = "<group>"; };
		E576F89D1CAD242100DC6DA8 /* GlossaryItemDetailedTableViewCell.xib */ = {isa = PBXFileReference; fileEncoding = 4; lastKnownFileType = file.xib; path = GlossaryItemDetailedTableViewCell.xib; sourceTree = "<group>"; };
		E58D65771CD78276005E68DB /* SettingsTableViewController.swift */ = {isa = PBXFileReference; fileEncoding = 4; lastKnownFileType = sourcecode.swift; path = SettingsTableViewController.swift; sourceTree = "<group>"; };
		E58D65791CD78AEA005E68DB /* AboutAppViewController.swift */ = {isa = PBXFileReference; fileEncoding = 4; lastKnownFileType = sourcecode.swift; path = AboutAppViewController.swift; sourceTree = "<group>"; };
		E58D657E1CD7A24F005E68DB /* Forte 1.0.html */ = {isa = PBXFileReference; fileEncoding = 4; lastKnownFileType = text.html; path = "Forte 1.0.html"; sourceTree = SOURCE_ROOT; };
		E58D65831CD7B997005E68DB /* LaunchScreen.storyboard */ = {isa = PBXFileReference; fileEncoding = 4; lastKnownFileType = file.storyboard; name = LaunchScreen.storyboard; path = ../LaunchScreen.storyboard; sourceTree = "<group>"; };
		E5D7CC831CD611E800CC085A /* CoreDataStack.swift */ = {isa = PBXFileReference; fileEncoding = 4; lastKnownFileType = sourcecode.swift; path = CoreDataStack.swift; sourceTree = "<group>"; };
		E5D7CC851CD614C200CC085A /* CSVParser.swift */ = {isa = PBXFileReference; fileEncoding = 4; lastKnownFileType = sourcecode.swift; path = CSVParser.swift; sourceTree = "<group>"; };
		E5D7CC871CD61E3800CC085A /* Preloader.swift */ = {isa = PBXFileReference; fileEncoding = 4; lastKnownFileType = sourcecode.swift; path = Preloader.swift; sourceTree = "<group>"; };
/* End PBXFileReference section */

/* Begin PBXFrameworksBuildPhase section */
		E507AC741CA7CB7300EF850C /* Frameworks */ = {
			isa = PBXFrameworksBuildPhase;
			buildActionMask = 2147483647;
			files = (
			);
			runOnlyForDeploymentPostprocessing = 0;
		};
/* End PBXFrameworksBuildPhase section */

/* Begin PBXGroup section */
		E507AC6E1CA7CB7300EF850C = {
			isa = PBXGroup;
			children = (
				E507AC791CA7CB7300EF850C /* Forte */,
				E507AC781CA7CB7300EF850C /* Products */,
			);
			sourceTree = "<group>";
		};
		E507AC781CA7CB7300EF850C /* Products */ = {
			isa = PBXGroup;
			children = (
				E507AC771CA7CB7300EF850C /* Forte.app */,
			);
			name = Products;
			sourceTree = "<group>";
		};
		E507AC791CA7CB7300EF850C /* Forte */ = {
			isa = PBXGroup;
			children = (
				E507AC7A1CA7CB7300EF850C /* AppDelegate.swift */,
				E501CBCB1CABCB91002D5E58 /* SearchViewController.swift */,
				E55D4E7C1CBA52E10044D7EA /* MarkedItemTableViewController.swift */,
				E53555E01CBC9E5900BBD205 /* ItemCustomViewController.swift */,
				E58D65771CD78276005E68DB /* SettingsTableViewController.swift */,
				E58D65791CD78AEA005E68DB /* AboutAppViewController.swift */,
				E507AC7E1CA7CB7300EF850C /* Main.storyboard */,
				E58D65831CD7B997005E68DB /* LaunchScreen.storyboard */,
				E524A08E1CB10FBB00DECC25 /* TableViewCells */,
				E5D7CC891CD6203E00CC085A /* DataPersistenceSupport */,
				E524A08F1CB1100800DECC25 /* Support */,
			);
			path = Forte;
			sourceTree = "<group>";
		};
		E524A08E1CB10FBB00DECC25 /* TableViewCells */ = {
			isa = PBXGroup;
			children = (
				E576F89D1CAD242100DC6DA8 /* GlossaryItemDetailedTableViewCell.xib */,
				E576F89C1CAD242100DC6DA8 /* GlossaryItemDetailedTableViewCell.swift */,
				E557FFCE1CAC0A0100F8C53A /* GlossaryItemBriefTableViewCell.swift */,
				E557FFD21CAC1D9200F8C53A /* GlossaryItemBriefTableViewCell.xib */,
				E576F8981CAD1C8B00DC6DA8 /* NothingFoundTableViewCell.swift */,
				E576F8991CAD1C8B00DC6DA8 /* NothingFoundTableViewCell.xib */,
				E55D4E7E1CBA6E660044D7EA /* MarkedItemTableViewCell.swift */,
			);
			name = TableViewCells;
			sourceTree = "<group>";
		};
		E524A08F1CB1100800DECC25 /* Support */ = {
			isa = PBXGroup;
			children = (
				E58D657E1CD7A24F005E68DB /* Forte 1.0.html */,
				E507AC841CA7CB7300EF850C /* Assets.xcassets */,
				E507AC891CA7CB7300EF850C /* Info.plist */,
			);
			name = Support;
			sourceTree = "<group>";
		};
		E5D7CC891CD6203E00CC085A /* DataPersistenceSupport */ = {
			isa = PBXGroup;
			children = (
				E5D7CC871CD61E3800CC085A /* Preloader.swift */,
				E5D7CC851CD614C200CC085A /* CSVParser.swift */,
				E5D7CC831CD611E800CC085A /* CoreDataStack.swift */,
				E540B7A31CA9657000AC556F /* GlossaryItem.swift */,
				E507AC811CA7CB7300EF850C /* Forte.xcdatamodeld */,
				E55C475C1CC345FA000A20C3 /* MusicTerms.csv */,
			);
			name = DataPersistenceSupport;
			sourceTree = "<group>";
		};
/* End PBXGroup section */

/* Begin PBXNativeTarget section */
		E507AC761CA7CB7300EF850C /* Forte */ = {
			isa = PBXNativeTarget;
			buildConfigurationList = E507AC8C1CA7CB7300EF850C /* Build configuration list for PBXNativeTarget "Forte" */;
			buildPhases = (
				E507AC731CA7CB7300EF850C /* Sources */,
				E507AC741CA7CB7300EF850C /* Frameworks */,
				E507AC751CA7CB7300EF850C /* Resources */,
			);
			buildRules = (
			);
			dependencies = (
			);
			name = Forte;
			productName = Forte;
			productReference = E507AC771CA7CB7300EF850C /* Forte.app */;
			productType = "com.apple.product-type.application";
		};
/* End PBXNativeTarget section */

/* Begin PBXProject section */
		E507AC6F1CA7CB7300EF850C /* Project object */ = {
			isa = PBXProject;
			attributes = {
				LastSwiftUpdateCheck = 0730;
				LastUpgradeCheck = 0730;
				ORGANIZATIONNAME = swordx;
				TargetAttributes = {
					E507AC761CA7CB7300EF850C = {
						CreatedOnToolsVersion = 7.3;
						DevelopmentTeam = Q7Y8V79W6L;
					};
				};
			};
			buildConfigurationList = E507AC721CA7CB7300EF850C /* Build configuration list for PBXProject "Forte" */;
			compatibilityVersion = "Xcode 3.2";
			developmentRegion = English;
			hasScannedForEncodings = 0;
			knownRegions = (
				en,
				Base,
			);
			mainGroup = E507AC6E1CA7CB7300EF850C;
			productRefGroup = E507AC781CA7CB7300EF850C /* Products */;
			projectDirPath = "";
			projectRoot = "";
			targets = (
				E507AC761CA7CB7300EF850C /* Forte */,
			);
		};
/* End PBXProject section */

/* Begin PBXResourcesBuildPhase section */
		E507AC751CA7CB7300EF850C /* Resources */ = {
			isa = PBXResourcesBuildPhase;
			buildActionMask = 2147483647;
			files = (
				E557FFD31CAC1D9200F8C53A /* GlossaryItemBriefTableViewCell.xib in Resources */,
				E58D65841CD7B997005E68DB /* LaunchScreen.storyboard in Resources */,
				E58D65801CD7A24F005E68DB /* Forte 1.0.html in Resources */,
				E507AC851CA7CB7300EF850C /* Assets.xcassets in Resources */,
				E55C475D1CC345FA000A20C3 /* MusicTerms.csv in Resources */,
				E576F89F1CAD242100DC6DA8 /* GlossaryItemDetailedTableViewCell.xib in Resources */,
				E576F89B1CAD1C8B00DC6DA8 /* NothingFoundTableViewCell.xib in Resources */,
				E507AC801CA7CB7300EF850C /* Main.storyboard in Resources */,
			);
			runOnlyForDeploymentPostprocessing = 0;
		};
/* End PBXResourcesBuildPhase section */

/* Begin PBXSourcesBuildPhase section */
		E507AC731CA7CB7300EF850C /* Sources */ = {
			isa = PBXSourcesBuildPhase;
			buildActionMask = 2147483647;
			files = (
				E576F89A1CAD1C8B00DC6DA8 /* NothingFoundTableViewCell.swift in Sources */,
				E501CBCC1CABCB91002D5E58 /* SearchViewController.swift in Sources */,
				E576F89E1CAD242100DC6DA8 /* GlossaryItemDetailedTableViewCell.swift in Sources */,
				E540B7A41CA9657000AC556F /* GlossaryItem.swift in Sources */,
				E557FFD01CAC0A0100F8C53A /* GlossaryItemBriefTableViewCell.swift in Sources */,
				E55D4E7F1CBA6E660044D7EA /* MarkedItemTableViewCell.swift in Sources */,
				E5D7CC881CD61E3800CC085A /* Preloader.swift in Sources */,
				E507AC831CA7CB7300EF850C /* Forte.xcdatamodeld in Sources */,
				E58D657A1CD78AEA005E68DB /* AboutAppViewController.swift in Sources */,
				E507AC7B1CA7CB7300EF850C /* AppDelegate.swift in Sources */,
				E53555E11CBC9E5900BBD205 /* ItemCustomViewController.swift in Sources */,
				E5D7CC841CD611E800CC085A /* CoreDataStack.swift in Sources */,
				E58D65781CD78276005E68DB /* SettingsTableViewController.swift in Sources */,
				E5D7CC861CD614C200CC085A /* CSVParser.swift in Sources */,
				E55D4E7D1CBA52E10044D7EA /* MarkedItemTableViewController.swift in Sources */,
			);
			runOnlyForDeploymentPostprocessing = 0;
		};
/* End PBXSourcesBuildPhase section */

/* Begin PBXVariantGroup section */
		E507AC7E1CA7CB7300EF850C /* Main.storyboard */ = {
			isa = PBXVariantGroup;
			children = (
				E507AC7F1CA7CB7300EF850C /* Base */,
			);
			name = Main.storyboard;
			sourceTree = "<group>";
		};
/* End PBXVariantGroup section */

/* Begin XCBuildConfiguration section */
		E507AC8A1CA7CB7300EF850C /* Debug */ = {
			isa = XCBuildConfiguration;
			buildSettings = {
				ALWAYS_SEARCH_USER_PATHS = NO;
				CLANG_ANALYZER_NONNULL = YES;
				CLANG_CXX_LANGUAGE_STANDARD = "gnu++0x";
				CLANG_CXX_LIBRARY = "libc++";
				CLANG_ENABLE_MODULES = YES;
				CLANG_ENABLE_OBJC_ARC = YES;
				CLANG_WARN_BOOL_CONVERSION = YES;
				CLANG_WARN_CONSTANT_CONVERSION = YES;
				CLANG_WARN_DIRECT_OBJC_ISA_USAGE = YES_ERROR;
				CLANG_WARN_EMPTY_BODY = YES;
				CLANG_WARN_ENUM_CONVERSION = YES;
				CLANG_WARN_INT_CONVERSION = YES;
				CLANG_WARN_OBJC_ROOT_CLASS = YES_ERROR;
				CLANG_WARN_UNREACHABLE_CODE = YES;
				CLANG_WARN__DUPLICATE_METHOD_MATCH = YES;
				"CODE_SIGN_IDENTITY[sdk=iphoneos*]" = "iPhone Developer";
				COPY_PHASE_STRIP = NO;
				DEBUG_INFORMATION_FORMAT = dwarf;
				ENABLE_STRICT_OBJC_MSGSEND = YES;
				ENABLE_TESTABILITY = YES;
				GCC_C_LANGUAGE_STANDARD = gnu99;
				GCC_DYNAMIC_NO_PIC = NO;
				GCC_NO_COMMON_BLOCKS = YES;
				GCC_OPTIMIZATION_LEVEL = 0;
				GCC_PREPROCESSOR_DEFINITIONS = (
					"DEBUG=1",
					"$(inherited)",
				);
				GCC_WARN_64_TO_32_BIT_CONVERSION = YES;
				GCC_WARN_ABOUT_RETURN_TYPE = YES_ERROR;
				GCC_WARN_UNDECLARED_SELECTOR = YES;
				GCC_WARN_UNINITIALIZED_AUTOS = YES_AGGRESSIVE;
				GCC_WARN_UNUSED_FUNCTION = YES;
				GCC_WARN_UNUSED_VARIABLE = YES;
				IPHONEOS_DEPLOYMENT_TARGET = 9.3;
				MTL_ENABLE_DEBUG_INFO = YES;
				ONLY_ACTIVE_ARCH = YES;
				SDKROOT = iphoneos;
				SWIFT_OPTIMIZATION_LEVEL = "-Onone";
			};
			name = Debug;
		};
		E507AC8B1CA7CB7300EF850C /* Release */ = {
			isa = XCBuildConfiguration;
			buildSettings = {
				ALWAYS_SEARCH_USER_PATHS = NO;
				CLANG_ANALYZER_NONNULL = YES;
				CLANG_CXX_LANGUAGE_STANDARD = "gnu++0x";
				CLANG_CXX_LIBRARY = "libc++";
				CLANG_ENABLE_MODULES = YES;
				CLANG_ENABLE_OBJC_ARC = YES;
				CLANG_WARN_BOOL_CONVERSION = YES;
				CLANG_WARN_CONSTANT_CONVERSION = YES;
				CLANG_WARN_DIRECT_OBJC_ISA_USAGE = YES_ERROR;
				CLANG_WARN_EMPTY_BODY = YES;
				CLANG_WARN_ENUM_CONVERSION = YES;
				CLANG_WARN_INT_CONVERSION = YES;
				CLANG_WARN_OBJC_ROOT_CLASS = YES_ERROR;
				CLANG_WARN_UNREACHABLE_CODE = YES;
				CLANG_WARN__DUPLICATE_METHOD_MATCH = YES;
				"CODE_SIGN_IDENTITY[sdk=iphoneos*]" = "iPhone Developer";
				COPY_PHASE_STRIP = NO;
				DEBUG_INFORMATION_FORMAT = "dwarf-with-dsym";
				ENABLE_NS_ASSERTIONS = NO;
				ENABLE_STRICT_OBJC_MSGSEND = YES;
				GCC_C_LANGUAGE_STANDARD = gnu99;
				GCC_NO_COMMON_BLOCKS = YES;
				GCC_WARN_64_TO_32_BIT_CONVERSION = YES;
				GCC_WARN_ABOUT_RETURN_TYPE = YES_ERROR;
				GCC_WARN_UNDECLARED_SELECTOR = YES;
				GCC_WARN_UNINITIALIZED_AUTOS = YES_AGGRESSIVE;
				GCC_WARN_UNUSED_FUNCTION = YES;
				GCC_WARN_UNUSED_VARIABLE = YES;
				IPHONEOS_DEPLOYMENT_TARGET = 9.3;
				MTL_ENABLE_DEBUG_INFO = NO;
				SDKROOT = iphoneos;
				VALIDATE_PRODUCT = YES;
			};
			name = Release;
		};
		E507AC8D1CA7CB7300EF850C /* Debug */ = {
			isa = XCBuildConfiguration;
			buildSettings = {
				ASSETCATALOG_COMPILER_APPICON_NAME = AppIcon;
				CODE_SIGN_IDENTITY = "iPhone Developer";
				INFOPLIST_FILE = Forte/Info.plist;
				IPHONEOS_DEPLOYMENT_TARGET = 9.0;
				LD_RUNPATH_SEARCH_PATHS = "$(inherited) @executable_path/Frameworks";
				PRODUCT_BUNDLE_IDENTIFIER = com.swordx.rookie.forteApp;
				PRODUCT_NAME = "$(TARGET_NAME)";
			};
			name = Debug;
		};
		E507AC8E1CA7CB7300EF850C /* Release */ = {
			isa = XCBuildConfiguration;
			buildSettings = {
				ASSETCATALOG_COMPILER_APPICON_NAME = AppIcon;
				CODE_SIGN_IDENTITY = "iPhone Developer";
				INFOPLIST_FILE = Forte/Info.plist;
				IPHONEOS_DEPLOYMENT_TARGET = 9.0;
				LD_RUNPATH_SEARCH_PATHS = "$(inherited) @executable_path/Frameworks";
				PRODUCT_BUNDLE_IDENTIFIER = com.swordx.rookie.forteApp;
				PRODUCT_NAME = "$(TARGET_NAME)";
			};
			name = Release;
		};
/* End XCBuildConfiguration section */

/* Begin XCConfigurationList section */
		E507AC721CA7CB7300EF850C /* Build configuration list for PBXProject "Forte" */ = {
			isa = XCConfigurationList;
			buildConfigurations = (
				E507AC8A1CA7CB7300EF850C /* Debug */,
				E507AC8B1CA7CB7300EF850C /* Release */,
			);
			defaultConfigurationIsVisible = 0;
			defaultConfigurationName = Release;
		};
		E507AC8C1CA7CB7300EF850C /* Build configuration list for PBXNativeTarget "Forte" */ = {
			isa = XCConfigurationList;
			buildConfigurations = (
				E507AC8D1CA7CB7300EF850C /* Debug */,
				E507AC8E1CA7CB7300EF850C /* Release */,
			);
			defaultConfigurationIsVisible = 0;
			defaultConfigurationName = Release;
		};
/* End XCConfigurationList section */

/* Begin XCVersionGroup section */
		E507AC811CA7CB7300EF850C /* Forte.xcdatamodeld */ = {
			isa = XCVersionGroup;
			children = (
				E507AC821CA7CB7300EF850C /* Forte.xcdatamodel */,
			);
			currentVersion = E507AC821CA7CB7300EF850C /* Forte.xcdatamodel */;
			path = Forte.xcdatamodeld;
			sourceTree = "<group>";
			versionGroupType = wrapper.xcdatamodel;
		};
/* End XCVersionGroup section */
	};
	rootObject = E507AC6F1CA7CB7300EF850C /* Project object */;
}
